// !$*UTF8*$!
{
	archiveVersion = 1;
	classes = {
	};
	objectVersion = 50;
	objects = {

/* Begin PBXBuildFile section */
		DBBD800B2537904F00F4F5DF /* AppDelegate.swift in Sources */ = {isa = PBXBuildFile; fileRef = DBBD800A2537904F00F4F5DF /* AppDelegate.swift */; };
		DBBD800D2537904F00F4F5DF /* SceneDelegate.swift in Sources */ = {isa = PBXBuildFile; fileRef = DBBD800C2537904F00F4F5DF /* SceneDelegate.swift */; };
		DBBD800F2537904F00F4F5DF /* ViewController.swift in Sources */ = {isa = PBXBuildFile; fileRef = DBBD800E2537904F00F4F5DF /* ViewController.swift */; };
		DBBD80122537904F00F4F5DF /* Main.storyboard in Resources */ = {isa = PBXBuildFile; fileRef = DBBD80102537904F00F4F5DF /* Main.storyboard */; };
		DBBD80142537905200F4F5DF /* Assets.xcassets in Resources */ = {isa = PBXBuildFile; fileRef = DBBD80132537905200F4F5DF /* Assets.xcassets */; };
		DBBD80172537905200F4F5DF /* LaunchScreen.storyboard in Resources */ = {isa = PBXBuildFile; fileRef = DBBD80152537905200F4F5DF /* LaunchScreen.storyboard */; };
		DBBD80212537919800F4F5DF /* PortraitViewController.swift in Sources */ = {isa = PBXBuildFile; fileRef = DBBD80202537919800F4F5DF /* PortraitViewController.swift */; };
/* End PBXBuildFile section */

/* Begin PBXFileReference section */
		DBBD80072537904F00F4F5DF /* pw-rotation.app */ = {isa = PBXFileReference; explicitFileType = wrapper.application; includeInIndex = 0; path = "pw-rotation.app"; sourceTree = BUILT_PRODUCTS_DIR; };
		DBBD800A2537904F00F4F5DF /* AppDelegate.swift */ = {isa = PBXFileReference; lastKnownFileType = sourcecode.swift; path = AppDelegate.swift; sourceTree = "<group>"; };
		DBBD800C2537904F00F4F5DF /* SceneDelegate.swift */ = {isa = PBXFileReference; lastKnownFileType = sourcecode.swift; path = SceneDelegate.swift; sourceTree = "<group>"; };
		DBBD800E2537904F00F4F5DF /* ViewController.swift */ = {isa = PBXFileReference; lastKnownFileType = sourcecode.swift; path = ViewController.swift; sourceTree = "<group>"; };
		DBBD80112537904F00F4F5DF /* Base */ = {isa = PBXFileReference; lastKnownFileType = file.storyboard; name = Base; path = Base.lproj/Main.storyboard; sourceTree = "<group>"; };
		DBBD80132537905200F4F5DF /* Assets.xcassets */ = {isa = PBXFileReference; lastKnownFileType = folder.assetcatalog; path = Assets.xcassets; sourceTree = "<group>"; };
		DBBD80162537905200F4F5DF /* Base */ = {isa = PBXFileReference; lastKnownFileType = file.storyboard; name = Base; path = Base.lproj/LaunchScreen.storyboard; sourceTree = "<group>"; };
		DBBD80182537905200F4F5DF /* Info.plist */ = {isa = PBXFileReference; lastKnownFileType = text.plist.xml; path = Info.plist; sourceTree = "<group>"; };
		DBBD80202537919800F4F5DF /* PortraitViewController.swift */ = {isa = PBXFileReference; lastKnownFileType = sourcecode.swift; path = PortraitViewController.swift; sourceTree = "<group>"; };
/* End PBXFileReference section */

/* Begin PBXFrameworksBuildPhase section */
		DBBD80042537904F00F4F5DF /* Frameworks */ = {
			isa = PBXFrameworksBuildPhase;
			buildActionMask = 2147483647;
			files = (
			);
			runOnlyForDeploymentPostprocessing = 0;
		};
/* End PBXFrameworksBuildPhase section */

/* Begin PBXGroup section */
		DBBD7FFE2537904F00F4F5DF = {
			isa = PBXGroup;
			children = (
				DBBD80092537904F00F4F5DF /* pw-rotation */,
				DBBD80082537904F00F4F5DF /* Products */,
			);
			sourceTree = "<group>";
		};
		DBBD80082537904F00F4F5DF /* Products */ = {
			isa = PBXGroup;
			children = (
				DBBD80072537904F00F4F5DF /* pw-rotation.app */,
			);
			name = Products;
			sourceTree = "<group>";
		};
		DBBD80092537904F00F4F5DF /* pw-rotation */ = {
			isa = PBXGroup;
			children = (
				DBBD800A2537904F00F4F5DF /* AppDelegate.swift */,
				DBBD800C2537904F00F4F5DF /* SceneDelegate.swift */,
				DBBD800E2537904F00F4F5DF /* ViewController.swift */,
				DBBD80202537919800F4F5DF /* PortraitViewController.swift */,
				DBBD80102537904F00F4F5DF /* Main.storyboard */,
				DBBD80132537905200F4F5DF /* Assets.xcassets */,
				DBBD80152537905200F4F5DF /* LaunchScreen.storyboard */,
				DBBD80182537905200F4F5DF /* Info.plist */,
			);
			path = "pw-rotation";
			sourceTree = "<group>";
		};
/* End PBXGroup section */

/* Begin PBXNativeTarget section */
		DBBD80062537904F00F4F5DF /* pw-rotation */ = {
			isa = PBXNativeTarget;
			buildConfigurationList = DBBD801B2537905200F4F5DF /* Build configuration list for PBXNativeTarget "pw-rotation" */;
			buildPhases = (
				DBBD80032537904F00F4F5DF /* Sources */,
				DBBD80042537904F00F4F5DF /* Frameworks */,
				DBBD80052537904F00F4F5DF /* Resources */,
			);
			buildRules = (
			);
			dependencies = (
			);
			name = "pw-rotation";
			productName = "pw-rotation";
			productReference = DBBD80072537904F00F4F5DF /* pw-rotation.app */;
			productType = "com.apple.product-type.application";
		};
/* End PBXNativeTarget section */

/* Begin PBXProject section */
		DBBD7FFF2537904F00F4F5DF /* Project object */ = {
			isa = PBXProject;
			attributes = {
				LastSwiftUpdateCheck = 1200;
				LastUpgradeCheck = 1200;
				TargetAttributes = {
					DBBD80062537904F00F4F5DF = {
						CreatedOnToolsVersion = 12.0.1;
					};
				};
			};
			buildConfigurationList = DBBD80022537904F00F4F5DF /* Build configuration list for PBXProject "pw-rotation" */;
			compatibilityVersion = "Xcode 9.3";
			developmentRegion = en;
			hasScannedForEncodings = 0;
			knownRegions = (
				en,
				Base,
			);
			mainGroup = DBBD7FFE2537904F00F4F5DF;
			productRefGroup = DBBD80082537904F00F4F5DF /* Products */;
			projectDirPath = "";
			projectRoot = "";
			targets = (
				DBBD80062537904F00F4F5DF /* pw-rotation */,
			);
		};
/* End PBXProject section */

/* Begin PBXResourcesBuildPhase section */
		DBBD80052537904F00F4F5DF /* Resources */ = {
			isa = PBXResourcesBuildPhase;
			buildActionMask = 2147483647;
			files = (
				DBBD80172537905200F4F5DF /* LaunchScreen.storyboard in Resources */,
				DBBD80142537905200F4F5DF /* Assets.xcassets in Resources */,
				DBBD80122537904F00F4F5DF /* Main.storyboard in Resources */,
			);
			runOnlyForDeploymentPostprocessing = 0;
		};
/* End PBXResourcesBuildPhase section */

/* Begin PBXSourcesBuildPhase section */
		DBBD80032537904F00F4F5DF /* Sources */ = {
			isa = PBXSourcesBuildPhase;
			buildActionMask = 2147483647;
			files = (
				DBBD800F2537904F00F4F5DF /* ViewController.swift in Sources */,
				DBBD800B2537904F00F4F5DF /* AppDelegate.swift in Sources */,
				DBBD800D2537904F00F4F5DF /* SceneDelegate.swift in Sources */,
				DBBD80212537919800F4F5DF /* PortraitViewController.swift in Sources */,
			);
			runOnlyForDeploymentPostprocessing = 0;
		};
/* End PBXSourcesBuildPhase section */

/* Begin PBXVariantGroup section */
		DBBD80102537904F00F4F5DF /* Main.storyboard */ = {
			isa = PBXVariantGroup;
			children = (
				DBBD80112537904F00F4F5DF /* Base */,
			);
			name = Main.storyboard;
			sourceTree = "<group>";
		};
		DBBD80152537905200F4F5DF /* LaunchScreen.storyboard */ = {
			isa = PBXVariantGroup;
			children = (
				DBBD80162537905200F4F5DF /* Base */,
			);
			name = LaunchScreen.storyboard;
			sourceTree = "<group>";
		};
/* End PBXVariantGroup section */

/* Begin XCBuildConfiguration section */
		DBBD80192537905200F4F5DF /* Debug */ = {
			isa = XCBuildConfiguration;
			buildSettings = {
				ALWAYS_SEARCH_USER_PATHS = NO;
				CLANG_ANALYZER_NONNULL = YES;
				CLANG_ANALYZER_NUMBER_OBJECT_CONVERSION = YES_AGGRESSIVE;
				CLANG_CXX_LANGUAGE_STANDARD = "gnu++14";
				CLANG_CXX_LIBRARY = "libc++";
				CLANG_ENABLE_MODULES = YES;
				CLANG_ENABLE_OBJC_ARC = YES;
				CLANG_ENABLE_OBJC_WEAK = YES;
				CLANG_WARN_BLOCK_CAPTURE_AUTORELEASING = YES;
				CLANG_WARN_BOOL_CONVERSION = YES;
				CLANG_WARN_COMMA = YES;
				CLANG_WARN_CONSTANT_CONVERSION = YES;
				CLANG_WARN_DEPRECATED_OBJC_IMPLEMENTATIONS = YES;
				CLANG_WARN_DIRECT_OBJC_ISA_USAGE = YES_ERROR;
				CLANG_WARN_DOCUMENTATION_COMMENTS = YES;
				CLANG_WARN_EMPTY_BODY = YES;
				CLANG_WARN_ENUM_CONVERSION = YES;
				CLANG_WARN_INFINITE_RECURSION = YES;
				CLANG_WARN_INT_CONVERSION = YES;
				CLANG_WARN_NON_LITERAL_NULL_CONVERSION = YES;
				CLANG_WARN_OBJC_IMPLICIT_RETAIN_SELF = YES;
				CLANG_WARN_OBJC_LITERAL_CONVERSION = YES;
				CLANG_WARN_OBJC_ROOT_CLASS = YES_ERROR;
				CLANG_WARN_QUOTED_INCLUDE_IN_FRAMEWORK_HEADER = YES;
				CLANG_WARN_RANGE_LOOP_ANALYSIS = YES;
				CLANG_WARN_STRICT_PROTOTYPES = YES;
				CLANG_WARN_SUSPICIOUS_MOVE = YES;
				CLANG_WARN_UNGUARDED_AVAILABILITY = YES_AGGRESSIVE;
				CLANG_WARN_UNREACHABLE_CODE = YES;
				CLANG_WARN__DUPLICATE_METHOD_MATCH = YES;
				COPY_PHASE_STRIP = NO;
				DEBUG_INFORMATION_FORMAT = dwarf;
				ENABLE_STRICT_OBJC_MSGSEND = YES;
				ENABLE_TESTABILITY = YES;
				GCC_C_LANGUAGE_STANDARD = gnu11;
				GCC_DYNAMIC_NO_PIC = NO;
				GCC_NO_COMMON_BLOCKS = YES;
				GCC_OPTIMIZATION_LEVEL = 0;
				GCC_PREPROCESSOR_DEFINITIONS = (
					"DEBUG=1",
					"$(inherited)",
				);
				GCC_WARN_64_TO_32_BIT_CONVERSION = YES;
				GCC_WARN_ABOUT_RETURN_TYPE = YES_ERROR;
				GCC_WARN_UNDECLARED_SELECTOR = YES;
				GCC_WARN_UNINITIALIZED_AUTOS = YES_AGGRESSIVE;
				GCC_WARN_UNUSED_FUNCTION = YES;
				GCC_WARN_UNUSED_VARIABLE = YES;
				IPHONEOS_DEPLOYMENT_TARGET = 14.0;
				MTL_ENABLE_DEBUG_INFO = INCLUDE_SOURCE;
				MTL_FAST_MATH = YES;
				ONLY_ACTIVE_ARCH = YES;
				SDKROOT = iphoneos;
				SWIFT_ACTIVE_COMPILATION_CONDITIONS = DEBUG;
				SWIFT_OPTIMIZATION_LEVEL = "-Onone";
			};
			name = Debug;
		};
		DBBD801A2537905200F4F5DF /* Release */ = {
			isa = XCBuildConfiguration;
			buildSettings = {
				ALWAYS_SEARCH_USER_PATHS = NO;
				CLANG_ANALYZER_NONNULL = YES;
				CLANG_ANALYZER_NUMBER_OBJECT_CONVERSION = YES_AGGRESSIVE;
				CLANG_CXX_LANGUAGE_STANDARD = "gnu++14";
				CLANG_CXX_LIBRARY = "libc++";
				CLANG_ENABLE_MODULES = YES;
				CLANG_ENABLE_OBJC_ARC = YES;
				CLANG_ENABLE_OBJC_WEAK = YES;
				CLANG_WARN_BLOCK_CAPTURE_AUTORELEASING = YES;
				CLANG_WARN_BOOL_CONVERSION = YES;
				CLANG_WARN_COMMA = YES;
				CLANG_WARN_CONSTANT_CONVERSION = YES;
				CLANG_WARN_DEPRECATED_OBJC_IMPLEMENTATIONS = YES;
				CLANG_WARN_DIRECT_OBJC_ISA_USAGE = YES_ERROR;
				CLANG_WARN_DOCUMENTATION_COMMENTS = YES;
				CLANG_WARN_EMPTY_BODY = YES;
				CLANG_WARN_ENUM_CONVERSION = YES;
				CLANG_WARN_INFINITE_RECURSION = YES;
				CLANG_WARN_INT_CONVERSION = YES;
				CLANG_WARN_NON_LITERAL_NULL_CONVERSION = YES;
				CLANG_WARN_OBJC_IMPLICIT_RETAIN_SELF = YES;
				CLANG_WARN_OBJC_LITERAL_CONVERSION = YES;
				CLANG_WARN_OBJC_ROOT_CLASS = YES_ERROR;
				CLANG_WARN_QUOTED_INCLUDE_IN_FRAMEWORK_HEADER = YES;
				CLANG_WARN_RANGE_LOOP_ANALYSIS = YES;
				CLANG_WARN_STRICT_PROTOTYPES = YES;
				CLANG_WARN_SUSPICIOUS_MOVE = YES;
				CLANG_WARN_UNGUARDED_AVAILABILITY = YES_AGGRESSIVE;
				CLANG_WARN_UNREACHABLE_CODE = YES;
				CLANG_WARN__DUPLICATE_METHOD_MATCH = YES;
				COPY_PHASE_STRIP = NO;
				DEBUG_INFORMATION_FORMAT = "dwarf-with-dsym";
				ENABLE_NS_ASSERTIONS = NO;
				ENABLE_STRICT_OBJC_MSGSEND = YES;
				GCC_C_LANGUAGE_STANDARD = gnu11;
				GCC_NO_COMMON_BLOCKS = YES;
				GCC_WARN_64_TO_32_BIT_CONVERSION = YES;
				GCC_WARN_ABOUT_RETURN_TYPE = YES_ERROR;
				GCC_WARN_UNDECLARED_SELECTOR = YES;
				GCC_WARN_UNINITIALIZED_AUTOS = YES_AGGRESSIVE;
				GCC_WARN_UNUSED_FUNCTION = YES;
				GCC_WARN_UNUSED_VARIABLE = YES;
				IPHONEOS_DEPLOYMENT_TARGET = 14.0;
				MTL_ENABLE_DEBUG_INFO = NO;
				MTL_FAST_MATH = YES;
				SDKROOT = iphoneos;
				SWIFT_COMPILATION_MODE = wholemodule;
				SWIFT_OPTIMIZATION_LEVEL = "-O";
				VALIDATE_PRODUCT = YES;
			};
			name = Release;
		};
		DBBD801C2537905200F4F5DF /* Debug */ = {
			isa = XCBuildConfiguration;
			buildSettings = {
				ASSETCATALOG_COMPILER_APPICON_NAME = AppIcon;
				ASSETCATALOG_COMPILER_GLOBAL_ACCENT_COLOR_NAME = AccentColor;
				CODE_SIGN_STYLE = Automatic;
				DEVELOPMENT_TEAM = E8VNZ48Y42;
				INFOPLIST_FILE = "pw-rotation/Info.plist";
				IPHONEOS_DEPLOYMENT_TARGET = 12.4;
				LD_RUNPATH_SEARCH_PATHS = (
					"$(inherited)",
					"@executable_path/Frameworks",
				);
				PRODUCT_BUNDLE_IDENTIFIER = "com.daimler.pw-rotation";
				PRODUCT_NAME = "$(TARGET_NAME)";
				SWIFT_VERSION = 5.0;
				TARGETED_DEVICE_FAMILY = "1,2";
			};
			name = Debug;
		};
		DBBD801D2537905200F4F5DF /* Release */ = {
			isa = XCBuildConfiguration;
			buildSettings = {
				ASSETCATALOG_COMPILER_APPICON_NAME = AppIcon;
				ASSETCATALOG_COMPILER_GLOBAL_ACCENT_COLOR_NAME = AccentColor;
				CODE_SIGN_STYLE = Automatic;
				DEVELOPMENT_TEAM = E8VNZ48Y42;
				INFOPLIST_FILE = "pw-rotation/Info.plist";
				IPHONEOS_DEPLOYMENT_TARGET = 12.4;
				LD_RUNPATH_SEARCH_PATHS = (
					"$(inherited)",
					"@executable_path/Frameworks",
				);
				PRODUCT_BUNDLE_IDENTIFIER = "com.daimler.pw-rotation";
				PRODUCT_NAME = "$(TARGET_NAME)";
				SWIFT_VERSION = 5.0;
				TARGETED_DEVICE_FAMILY = "1,2";
			};
			name = Release;
		};
/* End XCBuildConfiguration section */

/* Begin XCConfigurationList section */
		DBBD80022537904F00F4F5DF /* Build configuration list for PBXProject "pw-rotation" */ = {
			isa = XCConfigurationList;
			buildConfigurations = (
				DBBD80192537905200F4F5DF /* Debug */,
				DBBD801A2537905200F4F5DF /* Release */,
			);
			defaultConfigurationIsVisible = 0;
			defaultConfigurationName = Release;
		};
		DBBD801B2537905200F4F5DF /* Build configuration list for PBXNativeTarget "pw-rotation" */ = {
			isa = XCConfigurationList;
			buildConfigurations = (
				DBBD801C2537905200F4F5DF /* Debug */,
				DBBD801D2537905200F4F5DF /* Release */,
			);
			defaultConfigurationIsVisible = 0;
			defaultConfigurationName = Release;
		};
/* End XCConfigurationList section */
	};
	rootObject = DBBD7FFF2537904F00F4F5DF /* Project object */;
}
